
Microsoft Visual Studio Solution File, Format Version 12.00
# Visual Studio 2013
VisualStudioVersion = 12.0.40629.0
MinimumVisualStudioVersion = 10.0.40219.1
Project("{FAE04EC0-301F-11D3-BF4B-00C04F79EFBC}") = "MY_MVC_APPLICATION", "MY_MVC_APPLICATION\MY_MVC_APPLICATION.csproj", "{75C754F6-25AB-4137-8C13-74275BB2B80A}"
EndProject
Project("{2150E333-8FDC-42A3-9474-1A3956D46DE8}") = ".nuget", ".nuget", "{E6783D6C-F274-4A3A-A722-50B97770E50A}"
	ProjectSection(SolutionItems) = preProject
		.nuget\packages.config = .nuget\packages.config
	EndProjectSection
EndProject
Global
	GlobalSection(SolutionConfigurationPlatforms) = preSolution
		Debug|Any CPU = Debug|Any CPU
		Release|Any CPU = Release|Any CPU
	EndGlobalSection
	GlobalSection(ProjectConfigurationPlatforms) = postSolution
		{75C754F6-25AB-4137-8C13-74275BB2B80A}.Debug|Any CPU.ActiveCfg = Debug|Any CPU
		{75C754F6-25AB-4137-8C13-74275BB2B80A}.Debug|Any CPU.Build.0 = Debug|Any CPU
		{75C754F6-25AB-4137-8C13-74275BB2B80A}.Release|Any CPU.ActiveCfg = Release|Any CPU
		{75C754F6-25AB-4137-8C13-74275BB2B80A}.Release|Any CPU.Build.0 = Release|Any CPU
	EndGlobalSection
	GlobalSection(SolutionProperties) = preSolution
		HideSolutionNode = FALSE
	EndGlobalSection
EndGlobal
